{
  "lockfile_version": "1",
  "packages": {
    "gawk@latest": {
      "last_modified": "2026-03-21T07:29:51Z",
      "resolved": "github:NixOS/nixpkgs/09061f748ee21f68a089cd5d91ec1859cd93d0be#gawk",
      "source": "devbox-search",
      "version": "5.3.2",
      "systems": {
        "aarch64-darwin": {
          "outputs": [
            {
              "name": "out",
              "path": "/nix/store/bvrbfzyimpjxwn679252bhbbccnb43nr-gawk-5.3.2",
              "default": true
            },
            {
              "name": "man",
              "path": "/nix/store/xkhjp3qf8qq1pfac021y5llg7576wljk-gawk-5.3.2-man",
              "default": true
            },
            {
              "name": "info",
              "path": "/nix/store/mf63v415741ffpn5fh9hs6vxzhas3h8v-gawk-5.3.2-info"
            }
          ],
          "store_path": "/nix/store/bvrbfzyimpjxwn679252bhbbccnb43nr-gawk-5.3.2"
        },
        "aarch64-linux": {
          "outputs": [
            {
              "name": "out",
              "path": "/nix/store/rzgfpccg7p882144kakc4b4mxv95zg3q-gawk-5.3.2",
              "default": true
            },
            {
              "name": "man",
              "path": "/nix/store/dgfmhcqbvnlfx2fs9w3w5dalmnr6djsz-gawk-5.3.2-man",
              "default": true
            },
            {
              "name": "info",
              "path": "/nix/store/y1l0b56ssf461yis5qrf5zk1733cm0yv-gawk-5.3.2-info"
            }
          ],
          "store_path": "/nix/store/rzgfpccg7p882144kakc4b4mxv95zg3q-gawk-5.3.2"
        },
        "x86_64-darwin": {
          "outputs": [
            {
              "name": "out",
              "path": "/nix/store/i2lrb46rndpc2wdja6769xlfxhx05kw9-gawk-5.3.2",
              "default": true
            },
            {
              "name": "man",
              "path": "/nix/store/qlj30dbgp6xb9nn87yran3dj0znf1a2l-gawk-5.3.2-man",
              "default": true
            },
            {
              "name": "info",
              "path": "/nix/store/y2vvv0aw2413ndgm1qqcnrzx91cznv5h-gawk-5.3.2-info"
            }
          ],
          "store_path": "/nix/store/i2lrb46rndpc2wdja6769xlfxhx05kw9-gawk-5.3.2"
        },
        "x86_64-linux": {
          "outputs": [
            {
              "name": "out",
              "path": "/nix/store/gg169kyil5vhsg5aqcpagyhs8fwl0r5r-gawk-5.3.2",
              "default": true
            },
            {
              "name": "man",
              "path": "/nix/store/jz0rb4ic9i9adr2ink52mxkn0wqv9qjc-gawk-5.3.2-man",
              "default": true
            },
            {
              "name": "info",
              "path": "/nix/store/3ki6zkzkq6fs2igixc8z4mjwrbm9k9dj-gawk-5.3.2-info"
            }
          ],
          "store_path": "/nix/store/gg169kyil5vhsg5aqcpagyhs8fwl0r5r-gawk-5.3.2"
        }
      }
    },
    "gettext@latest": {
      "last_modified": "2026-04-05T15:42:39Z",
      "resolved": "github:NixOS/nixpkgs/5e11f7acce6c3469bef9df154d78534fa7ae8b6c#gettext",
      "source": "devbox-search",
      "version": "0.26",
      "systems": {
        "aarch64-darwin": {
          "outputs": [
            {
              "name": "out",
              "path": "/nix/store/7i9kfic8hjkdfymlvbl4c0ch0bf1cqz5-gettext-0.26",
              "default": true
            },
            {
              "name": "man",
              "path": "/nix/store/4z5s05ii4qlcl9aaiijrm9n8c8i6k3vs-gettext-0.26-man",
              "default": true
            },
            {
              "name": "doc",
              "path": "/nix/store/4rx60nvvr5v29p75mzgxxwhmdy68ac2w-gettext-0.26-doc"
            },
            {
              "name": "info",
              "path": "/nix/store/mmfhjlxr9x3dxxja0wzw38nas4wddczw-gettext-0.26-info"
            }
          ],
          "store_path": "/nix/store/7i9kfic8hjkdfymlvbl4c0ch0bf1cqz5-gettext-0.26"
        },
        "aarch64-linux": {
          "outputs": [
            {
              "name": "out",
              "path": "/nix/store/bfwjdywhm2ml4qdd97i0chwz4z4v1f8r-gettext-0.26",
              "default": true
            },
            {
              "name": "man",
              "path": "/nix/store/fwy71wr17jh20qmymjnj8k1lgck6x916-gettext-0.26-man",
              "default": true
            },
            {
              "name": "doc",
              "path": "/nix/store/hihbi78vxgxfybm1plwbnwqx8aysd2vd-gettext-0.26-doc"
            },
            {
              "name": "info",
              "path": "/nix/store/1d5iiavzq4v36607xp1f0k7bl971rzar-gettext-0.26-info"
            }
          ],
          "store_path": "/nix/store/bfwjdywhm2ml4qdd97i0chwz4z4v1f8r-gettext-0.26"
        },
        "x86_64-darwin": {
          "outputs": [
            {
              "name": "out",
              "path": "/nix/store/sjyyfm5pvym84pc1mbpbvzj752lkmn8f-gettext-0.26",
              "default": true
            },
            {
              "name": "man",
              "path": "/nix/store/nb1wwp41x2ipj8w6n46njlpmh51cjc0p-gettext-0.26-man",
              "default": true
            },
            {
              "name": "doc",
              "path": "/nix/store/9rcgq5ym41jvjrvpfdaf9m6adsjc469q-gettext-0.26-doc"
            },
            {
              "name": "info",
              "path": "/nix/store/app964qmfbn1nyqxnbnv8w6d0g80v5l3-gettext-0.26-info"
            }
          ],
          "store_path": "/nix/store/sjyyfm5pvym84pc1mbpbvzj752lkmn8f-gettext-0.26"
        },
        "x86_64-linux": {
          "outputs": [
            {
              "name": "out",
              "path": "/nix/store/kfci1gnn12ip5xy492m0hd10hmgyxr6x-gettext-0.26",
              "default": true
            },
            {
              "name": "man",
              "path": "/nix/store/7r934iba45in3dchfly8lyi4nmamr6bw-gettext-0.26-man",
              "default": true
            },
            {
              "name": "doc",
              "path": "/nix/store/x0x77xaaj2hk7hhic79c0yj2nspnmi56-gettext-0.26-doc"
            },
            {
              "name": "info",
              "path": "/nix/store/g8p97wavhjzbv2bi1mqynil0vz3dc1g7-gettext-0.26-info"
            }
          ],
          "store_path": "/nix/store/kfci1gnn12ip5xy492m0hd10hmgyxr6x-gettext-0.26"
        }
      }
    },
    "github:NixOS/nixpkgs/nixpkgs-unstable": {
      "last_modified": "2026-04-11T06:17:25Z",
      "resolved": "github:NixOS/nixpkgs/13043924aaa7375ce482ebe2494338e058282925?lastModified=1775888245&narHash=sha256-nwASzrRDD1JBEu%2Fo8ekKYEXm%2FoJW6EMCzCRdrwcLe90%3D"
    },
    "go@1.22": {
      "last_modified": "2025-03-11T17:52:14Z",
      "resolved": "github:NixOS/nixpkgs/0d534853a55b5d02a4ababa1d71921ce8f0aee4c#go_1_22",
      "source": "devbox-search",
      "version": "1.22.12",
      "systems": {
        "aarch64-darwin": {
          "outputs": [
            {
              "name": "out",
              "path": "/nix/store/22cdyq96qa185whfsqq29bc226z0rjn9-go-1.22.12",
              "default": true
            }
          ],
          "store_path": "/nix/store/22cdyq96qa185whfsqq29bc226z0rjn9-go-1.22.12"
        },
        "aarch64-linux": {
          "outputs": [
            {
              "name": "out",
              "path": "/nix/store/55xfvgfsmr0m0p412vr8hiq4s3vi3hkn-go-1.22.12",
              "default": true
            }
          ],
          "store_path": "/nix/store/55xfvgfsmr0m0p412vr8hiq4s3vi3hkn-go-1.22.12"
        },
        "x86_64-darwin": {
          "outputs": [
            {
              "name": "out",
              "path": "/nix/store/3jmnyd8qzjwaibgwpy40izllr8fxjz4q-go-1.22.12",
              "default": true
            }
          ],
          "store_path": "/nix/store/3jmnyd8qzjwaibgwpy40izllr8fxjz4q-go-1.22.12"
        },
        "x86_64-linux": {
          "outputs": [
            {
              "name": "out",
              "path": "/nix/store/mdw3nfcaxld4g00rmcfa4rs2ywm17fdq-go-1.22.12",
              "default": true
            }
          ],
          "store_path": "/nix/store/mdw3nfcaxld4g00rmcfa4rs2ywm17fdq-go-1.22.12"
        }
      }
    },
    "nginx": {
      "plugin_version": "0.0.4",
      "resolved": "github:NixOS/nixpkgs/13043924aaa7375ce482ebe2494338e058282925?narHash=sha256-nwASzrRDD1JBEu%2Fo8ekKYEXm%2FoJW6EMCzCRdrwcLe90%3D#nginx",
      "source": "nixpkg"
    },
    "nodejs@20": {
      "last_modified": "2026-03-27T11:17:38Z",
      "plugin_version": "0.0.2",
      "resolved": "github:NixOS/nixpkgs/832efc09b4caf6b4569fbf9dc01bec3082a00611#nodejs_20",
      "source": "devbox-search",
      "version": "20.20.2",
      "systems": {
        "aarch64-darwin": {
          "outputs": [
            {
              "name": "out",
              "path": "/nix/store/vamh3ysrfc0qz2mdhh6klyi5ngaffl0q-nodejs-20.20.2",
              "default": true
            }
          ],
          "store_path": "/nix/store/vamh3ysrfc0qz2mdhh6klyi5ngaffl0q-nodejs-20.20.2"
        },
        "aarch64-linux": {
          "outputs": [
            {
              "name": "out",
              "path": "/nix/store/b1i1izsybrhzifbrr84nbmw62fl07ia2-nodejs-20.20.2",
              "default": true
            }
          ],
          "store_path": "/nix/store/b1i1izsybrhzifbrr84nbmw62fl07ia2-nodejs-20.20.2"
        },
        "x86_64-darwin": {
          "outputs": [
            {
              "name": "out",
              "path": "/nix/store/yg5qivw8g8gxpc536kwc0fg73nviiv9l-nodejs-20.20.2",
              "default": true
            }
          ],
          "store_path": "/nix/store/yg5qivw8g8gxpc536kwc0fg73nviiv9l-nodejs-20.20.2"
        },
        "x86_64-linux": {
          "outputs": [
            {
              "name": "out",
              "path": "/nix/store/1gw2r0h59vr5dzcilhg1xvzjqgn84f8b-nodejs-20.20.2",
              "default": true
            }
          ],
          "store_path": "/nix/store/1gw2r0h59vr5dzcilhg1xvzjqgn84f8b-nodejs-20.20.2"
        }
      }
    },
    "openssl": {
      "resolved": "github:NixOS/nixpkgs/13043924aaa7375ce482ebe2494338e058282925?narHash=sha256-nwASzrRDD1JBEu%2Fo8ekKYEXm%2FoJW6EMCzCRdrwcLe90%3D#openssl",
      "source": "nixpkg"
    },
    "postgresql@16": {
      "last_modified": "2024-12-22T08:27:48Z",
      "plugin_version": "0.0.2",
      "resolved": "github:NixOS/nixpkgs/93ff48c9be84a76319dac293733df09bbbe3f25c#postgresql",
      "source": "devbox-search",
      "version": "16.5",
      "systems": {
        "aarch64-darwin": {
          "outputs": [
            {
              "name": "out",
              "path": "/nix/store/6l498xrh9z690js5zmd3p2ps0r00ri9p-postgresql-16.5",
              "default": true
            },
            {
              "name": "man",
              "path": "/nix/store/5yiw867cz810zi0z2yg5y794w2sy8kzq-postgresql-16.5-man",
              "default": true
            },
            {
              "name": "lib",
              "path": "/nix/store/c3a1ij8vyxv5fyg7qp6la2mn54jn84sn-postgresql-16.5-lib"
            },
            {
              "name": "dev",
              "path": "/nix/store/9mc2nq9m18x0l7c1gyasp064cf2894vx-postgresql-16.5-dev"
            },
            {
              "name": "doc",
              "path": "/nix/store/lxqw2xsh0vm11rcz5wayhskb8w9wjlih-postgresql-16.5-doc"
            }
          ],
          "store_path": "/nix/store/6l498xrh9z690js5zmd3p2ps0r00ri9p-postgresql-16.5"
        },
        "aarch64-linux": {
          "outputs": [
            {
              "name": "out",
              "path": "/nix/store/vjcavy1l0s1l0frjag900239cpmvj17f-postgresql-16.5",
              "default": true
            },
            {
              "name": "man",
              "path": "/nix/store/4l4a2044a6mb79sm46679ifappmj8vgc-postgresql-16.5-man",
              "default": true
            },
            {
              "name": "doc",
              "path": "/nix/store/1sa3z90r6hrcfsd4hy4rxbwzbw6aa4p6-postgresql-16.5-doc"
            },
            {
              "name": "lib",
              "path": "/nix/store/gr06jpjpxzqkpyyhg1f7v9mmy1f9qzgp-postgresql-16.5-lib"
            },
            {
              "name": "debug",
              "path": "/nix/store/zlw8cxkzf9a43mmplsp88dbjy8adbjkx-postgresql-16.5-debug"
            },
            {
              "name": "dev",
              "path": "/nix/store/8mbabq6zp86a1gm2nf109pa1dvgp8s02-postgresql-16.5-dev"
            }
          ],
          "store_path": "/nix/store/vjcavy1l0s1l0frjag900239cpmvj17f-postgresql-16.5"
        },
        "x86_64-darwin": {
          "outputs": [
            {
              "name": "out",
              "path": "/nix/store/808d9axcd5q934lsi3l5v3x8phks9wc4-postgresql-16.5",
              "default": true
            },
            {
              "name": "man",
              "path": "/nix/store/8njx7dcc3gj9j46cn5lfc8knd52hvl7k-postgresql-16.5-man",
              "default": true
            },
            {
              "name": "dev",
              "path": "/nix/store/pn22i14qpv3yxmaacd5yfcqxpqm3grlq-postgresql-16.5-dev"
            },
            {
              "name": "doc",
              "path": "/nix/store/kd05cfbhaiiihdx6kkrjdyrywgjzfnqj-postgresql-16.5-doc"
            },
            {
              "name": "lib",
              "path": "/nix/store/1gnp8q95nfjna56sllv66jbf6hshi6bd-postgresql-16.5-lib"
            }
          ],
          "store_path": "/nix/store/808d9axcd5q934lsi3l5v3x8phks9wc4-postgresql-16.5"
        },
        "x86_64-linux": {
          "outputs": [
            {
              "name": "out",
              "path": "/nix/store/0z5iwcvalafm3j2c5pfhllsfbxrbyzf4-postgresql-16.5",
              "default": true
            },
            {
              "name": "man",
              "path": "/nix/store/0q9yki1d9czy7i7mly8gy3ffjvc3hkqv-postgresql-16.5-man",
              "default": true
            },
            {
              "name": "debug",
              "path": "/nix/store/zvysixjns32iz6qlkr8s5b70cw50l0qy-postgresql-16.5-debug"
            },
            {
              "name": "dev",
              "path": "/nix/store/207n898zbi7mb5scjaf532v78c3rll9f-postgresql-16.5-dev"
            },
            {
              "name": "doc",
              "path": "/nix/store/7ip3havx020h3527y7cqdl8l39p3g67b-postgresql-16.5-doc"
            },
            {
              "name": "lib",
              "path": "/nix/store/qi2zbhdnzdci7i0a6g64mbkk8wnzznlh-postgresql-16.5-lib"
            }
          ],
          "store_path": "/nix/store/0z5iwcvalafm3j2c5pfhllsfbxrbyzf4-postgresql-16.5"
        }
      }
    }
  }
}
